
Microsoft Visual Studio Solution File, Format Version 12.00
# Visual Studio Version 17
VisualStudioVersion = 17.10.34916.146
MinimumVisualStudioVersion = 10.0.40219.1
Project("{FAE04EC0-301F-11D3-BF4B-00C04F79EFBC}") = "BlazorFileUploadDownload", "BlazorFileUploadDownload\BlazorFileUploadDownload.csproj", "{DA09E20F-BBA2-4521-ACBB-0A6C0CE07FD8}"
EndProject
Global
	GlobalSection(SolutionConfigurationPlatforms) = preSolution
		Debug|Any CPU = Debug|Any CPU
		Release|Any CPU = Release|Any CPU
	EndGlobalSection
	GlobalSection(ProjectConfigurationPlatforms) = postSolution
		{DA09E20F-BBA2-4521-ACBB-0A6C0CE07FD8}.Debug|Any CPU.ActiveCfg = Debug|Any CPU
		{DA09E20F-BBA2-4521-ACBB-0A6C0CE07FD8}.Debug|Any CPU.Build.0 = Debug|Any CPU
		{DA09E20F-BBA2-4521-ACBB-0A6C0CE07FD8}.Release|Any CPU.ActiveCfg = Release|Any CPU
		{DA09E20F-BBA2-4521-ACBB-0A6C0CE07FD8}.Release|Any CPU.Build.0 = Release|Any CPU
	EndGlobalSection
	GlobalSection(SolutionProperties) = preSolution
		HideSolutionNode = FALSE
	EndGlobalSection
	GlobalSection(ExtensibilityGlobals) = postSolution
		SolutionGuid = {B21850F3-5533-4A29-8AEF-0BFD9C352C5B}
	EndGlobalSection
EndGlobal
